// !$*UTF8*$!
{
	archiveVersion = 1;
	classes = {
	};
	objectVersion = 55;
	objects = {

/* Begin PBXBuildFile section */
		6600E17C284E468700351CAF /* UIView+Extensions.swift in Sources */ = {isa = PBXBuildFile; fileRef = 6600E17B284E468700351CAF /* UIView+Extensions.swift */; };
		660D591B284D67FA00795114 /* Int+Bool.swift in Sources */ = {isa = PBXBuildFile; fileRef = 660D591A284D67FA00795114 /* Int+Bool.swift */; };
		6628EBDC284E7A6B001CABF9 /* ImportCarData.swift in Sources */ = {isa = PBXBuildFile; fileRef = 6628EBDB284E7A6B001CABF9 /* ImportCarData.swift */; };
		662CD73D284C9C430084998A /* ExtraCarData.swift in Sources */ = {isa = PBXBuildFile; fileRef = 662CD73C284C9C430084998A /* ExtraCarData.swift */; };
		6663936E287B537B001FAEE6 /* RespondableView.swift in Sources */ = {isa = PBXBuildFile; fileRef = 6663936D287B537B001FAEE6 /* RespondableView.swift */; };
		666F548E286884E9008C1997 /* MileageData.swift in Sources */ = {isa = PBXBuildFile; fileRef = 666F548D286884E9008C1997 /* MileageData.swift */; };
		66A520E52855565E00C0EB88 /* TotaledCarData.swift in Sources */ = {isa = PBXBuildFile; fileRef = 66A520E42855565E00C0EB88 /* TotaledCarData.swift */; };
		66A520E72855D41700C0EB88 /* HeavyCarData.swift in Sources */ = {isa = PBXBuildFile; fileRef = 66A520E62855D41700C0EB88 /* HeavyCarData.swift */; };
		66AB522528512FCB009CD347 /* LiveCameraView.swift in Sources */ = {isa = PBXBuildFile; fileRef = 66AB522428512FCB009CD347 /* LiveCameraView.swift */; };
		66BA05A3285A553B00DA8DCA /* CDParameterSelectionTableViewController.swift in Sources */ = {isa = PBXBuildFile; fileRef = 66BA05A2285A553B00DA8DCA /* CDParameterSelectionTableViewController.swift */; };
		66BA05A6285A567A00DA8DCA /* CDParameterSelectionTableViewCell.swift in Sources */ = {isa = PBXBuildFile; fileRef = 66BA05A4285A567A00DA8DCA /* CDParameterSelectionTableViewCell.swift */; };
		66C297D8284B85E700AA2608 /* HTTPRequest.swift in Sources */ = {isa = PBXBuildFile; fileRef = 66C297D7284B85E700AA2608 /* HTTPRequest.swift */; };
		66C297DB284C0AEC00AA2608 /* SearchHistoryViewController.swift in Sources */ = {isa = PBXBuildFile; fileRef = 66C297DA284C0AEC00AA2608 /* SearchHistoryViewController.swift */; };
		66C5B86B286735E30099E243 /* SearchHistoryContainerTableViewCell.swift in Sources */ = {isa = PBXBuildFile; fileRef = 66C5B869286735E30099E243 /* SearchHistoryContainerTableViewCell.swift */; };
		66C5B86C286735E30099E243 /* SearchHistoryContainerTableViewCell.xib in Resources */ = {isa = PBXBuildFile; fileRef = 66C5B86A286735E30099E243 /* SearchHistoryContainerTableViewCell.xib */; };
		66C5B86E286762110099E243 /* CarDataPresentable.swift in Sources */ = {isa = PBXBuildFile; fileRef = 66C5B86D286762110099E243 /* CarDataPresentable.swift */; };
		66C61880285E446D003FB012 /* UIViewController+Toast.swift in Sources */ = {isa = PBXBuildFile; fileRef = 66C6187F285E446D003FB012 /* UIViewController+Toast.swift */; };
		66CA4DD2284CCD3D00D2C21A /* FBLPromises in Frameworks */ = {isa = PBXBuildFile; productRef = 66CA4DD1284CCD3D00D2C21A /* FBLPromises */; };
		66CA4DD4284CCD3D00D2C21A /* Promises in Frameworks */ = {isa = PBXBuildFile; productRef = 66CA4DD3284CCD3D00D2C21A /* Promises */; };
		66CA4DD6284CCFEF00D2C21A /* CarDataManager.swift in Sources */ = {isa = PBXBuildFile; fileRef = 66CA4DD5284CCFEF00D2C21A /* CarDataManager.swift */; };
		66CA4DD8284CD24E00D2C21A /* CDURLManager.swift in Sources */ = {isa = PBXBuildFile; fileRef = 66CA4DD7284CD24E00D2C21A /* CDURLManager.swift */; };
		66CA4DDA284CD45C00D2C21A /* CarData.swift in Sources */ = {isa = PBXBuildFile; fileRef = 66CA4DD9284CD45C00D2C21A /* CarData.swift */; };
		66CE0826284CEDC900FF7072 /* DisabilityData.swift in Sources */ = {isa = PBXBuildFile; fileRef = 66CE0825284CEDC900FF7072 /* DisabilityData.swift */; };
		66E93ADD285901D700876464 /* CDTableViewController.swift in Sources */ = {isa = PBXBuildFile; fileRef = 66E93ADC285901D700876464 /* CDTableViewController.swift */; };
		BC01BCFB284F5A2800777C57 /* Date+Extensions.swift in Sources */ = {isa = PBXBuildFile; fileRef = BC01BCFA284F5A2800777C57 /* Date+Extensions.swift */; };
		BC01BCFF284F5EBF00777C57 /* String+Extensions.swift in Sources */ = {isa = PBXBuildFile; fileRef = BC01BCFE284F5EBF00777C57 /* String+Extensions.swift */; };
		BC01BD02284F798900777C57 /* CDDateFormat.swift in Sources */ = {isa = PBXBuildFile; fileRef = BC01BD01284F798900777C57 /* CDDateFormat.swift */; };
		BC01BD04284F8A3D00777C57 /* TaskMonitor.swift in Sources */ = {isa = PBXBuildFile; fileRef = BC01BD03284F8A3D00777C57 /* TaskMonitor.swift */; };
		BC01BD06284F8A7300777C57 /* CDTask.swift in Sources */ = {isa = PBXBuildFile; fileRef = BC01BD05284F8A7300777C57 /* CDTask.swift */; };
		BC383954288D444600310F58 /* PremiumViewController.swift in Sources */ = {isa = PBXBuildFile; fileRef = BC383952288D444600310F58 /* PremiumViewController.swift */; };
		BC383955288D444600310F58 /* PremiumViewController.xib in Resources */ = {isa = PBXBuildFile; fileRef = BC383953288D444600310F58 /* PremiumViewController.xib */; };
		BC383957288D716400310F58 /* PremiumDisplayable.swift in Sources */ = {isa = PBXBuildFile; fileRef = BC383956288D716400310F58 /* PremiumDisplayable.swift */; };
		BC383959288D789200310F58 /* PurchaseManager.swift in Sources */ = {isa = PBXBuildFile; fileRef = BC383958288D789200310F58 /* PurchaseManager.swift */; };
		BC38395C288D79E100310F58 /* StoreKit.framework in Frameworks */ = {isa = PBXBuildFile; fileRef = BC38395B288D79E100310F58 /* StoreKit.framework */; };
		BC38395E288DD40500310F58 /* LoaderView.swift in Sources */ = {isa = PBXBuildFile; fileRef = BC38395D288DD40500310F58 /* LoaderView.swift */; };
		BC383964288ECEB100310F58 /* UIViewController+EmailExtensions.swift in Sources */ = {isa = PBXBuildFile; fileRef = BC383963288ECEB100310F58 /* UIViewController+EmailExtensions.swift */; };
		BC4792492859BBFB00EF79E9 /* CDPreferenceTableViewCell.swift in Sources */ = {isa = PBXBuildFile; fileRef = BC4792482859BBFB00EF79E9 /* CDPreferenceTableViewCell.swift */; };
		BC47924B285B100B00EF79E9 /* RealmManager.swift in Sources */ = {isa = PBXBuildFile; fileRef = BC47924A285B100B00EF79E9 /* RealmManager.swift */; };
		BC47924D285B113800EF79E9 /* RealmSelectedParameter.swift in Sources */ = {isa = PBXBuildFile; fileRef = BC47924C285B113800EF79E9 /* RealmSelectedParameter.swift */; };
		BC4A348A2861BC1C005A32D6 /* VisionAlgorithmViewController.swift in Sources */ = {isa = PBXBuildFile; fileRef = BC4A34892861BC1C005A32D6 /* VisionAlgorithmViewController.swift */; };
		BC4A348C28620AFF005A32D6 /* UserDefaultsManager.swift in Sources */ = {isa = PBXBuildFile; fileRef = BC4A348B28620AFF005A32D6 /* UserDefaultsManager.swift */; };
		BC4A348E28620CA6005A32D6 /* VisionAlgorithmType.swift in Sources */ = {isa = PBXBuildFile; fileRef = BC4A348D28620CA6005A32D6 /* VisionAlgorithmType.swift */; };
		BC4A34912863180C005A32D6 /* DataRecord.swift in Sources */ = {isa = PBXBuildFile; fileRef = BC4A34902863180B005A32D6 /* DataRecord.swift */; };
		BC4A3493286318F0005A32D6 /* RealmCarData.swift in Sources */ = {isa = PBXBuildFile; fileRef = BC4A3492286318F0005A32D6 /* RealmCarData.swift */; };
		BC50A4682848970900D88267 /* SearchHistoryTableViewCell.swift in Sources */ = {isa = PBXBuildFile; fileRef = BC50A4662848970900D88267 /* SearchHistoryTableViewCell.swift */; };
		BC50A4692848970900D88267 /* SearchHistoryTableViewCell.xib in Resources */ = {isa = PBXBuildFile; fileRef = BC50A4672848970900D88267 /* SearchHistoryTableViewCell.xib */; };
		BC50A46C2848985000D88267 /* LicensePlateManager.swift in Sources */ = {isa = PBXBuildFile; fileRef = BC50A46B2848985000D88267 /* LicensePlateManager.swift */; };
		BC8BE3EF284795EA002838AA /* UIGestureRecognizer+Extensions.swift in Sources */ = {isa = PBXBuildFile; fileRef = BC8BE3EE284795EA002838AA /* UIGestureRecognizer+Extensions.swift */; };
		BC8BE3F12847AB95002838AA /* UIView+Fade.swift in Sources */ = {isa = PBXBuildFile; fileRef = BC8BE3F02847AB95002838AA /* UIView+Fade.swift */; };
		BC8BE3F52847BA50002838AA /* CDView.swift in Sources */ = {isa = PBXBuildFile; fileRef = BC8BE3F42847BA50002838AA /* CDView.swift */; };
		BC8BE3F72848124C002838AA /* K.swift in Sources */ = {isa = PBXBuildFile; fileRef = BC8BE3F62848124C002838AA /* K.swift */; };
		BC97D33628496ECB00D95F69 /* Realm in Frameworks */ = {isa = PBXBuildFile; productRef = BC97D33528496ECB00D95F69 /* Realm */; };
		BC97D33828496ECB00D95F69 /* RealmSwift in Frameworks */ = {isa = PBXBuildFile; productRef = BC97D33728496ECB00D95F69 /* RealmSwift */; };
		BC97D33B28496F0500D95F69 /* NVActivityIndicatorView in Frameworks */ = {isa = PBXBuildFile; productRef = BC97D33A28496F0500D95F69 /* NVActivityIndicatorView */; };
		BC97D33D28496F0500D95F69 /* NVActivityIndicatorViewExtended in Frameworks */ = {isa = PBXBuildFile; productRef = BC97D33C28496F0500D95F69 /* NVActivityIndicatorViewExtended */; };
		BC97D34028496F5E00D95F69 /* IQKeyboardManagerSwift in Frameworks */ = {isa = PBXBuildFile; productRef = BC97D33F28496F5E00D95F69 /* IQKeyboardManagerSwift */; };
		BC97D346284971E500D95F69 /* Hero in Frameworks */ = {isa = PBXBuildFile; productRef = BC97D345284971E500D95F69 /* Hero */; };
		BC97D3472849739300D95F69 /* Hero in Embed Frameworks */ = {isa = PBXBuildFile; productRef = BC97D345284971E500D95F69 /* Hero */; settings = {ATTRIBUTES = (CodeSignOnCopy, ); }; };
		BCAD15752848C5190004A49F /* LoadResultViewController.swift in Sources */ = {isa = PBXBuildFile; fileRef = BCAD15742848C5190004A49F /* LoadResultViewController.swift */; };
		BCAD15782848D9F90004A49F /* Data.storyboard in Resources */ = {isa = PBXBuildFile; fileRef = BCAD15772848D9F90004A49F /* Data.storyboard */; };
		BCAEB370284670A000FA0981 /* AppDelegate.swift in Sources */ = {isa = PBXBuildFile; fileRef = BCAEB36F284670A000FA0981 /* AppDelegate.swift */; };
		BCAEB372284670A000FA0981 /* SceneDelegate.swift in Sources */ = {isa = PBXBuildFile; fileRef = BCAEB371284670A000FA0981 /* SceneDelegate.swift */; };
		BCAEB374284670A000FA0981 /* MainViewController.swift in Sources */ = {isa = PBXBuildFile; fileRef = BCAEB373284670A000FA0981 /* MainViewController.swift */; };
		BCAEB379284670A000FA0981 /* Assets.xcassets in Resources */ = {isa = PBXBuildFile; fileRef = BCAEB378284670A000FA0981 /* Assets.xcassets */; };
		BCAEB37C284670A000FA0981 /* LaunchScreen.storyboard in Resources */ = {isa = PBXBuildFile; fileRef = BCAEB37A284670A000FA0981 /* LaunchScreen.storyboard */; };
		BCAEB387284670A000FA0981 /* Car_DataTests.swift in Sources */ = {isa = PBXBuildFile; fileRef = BCAEB386284670A000FA0981 /* Car_DataTests.swift */; };
		BCAEB391284670A000FA0981 /* Car_DataUITests.swift in Sources */ = {isa = PBXBuildFile; fileRef = BCAEB390284670A000FA0981 /* Car_DataUITests.swift */; };
		BCAEB393284670A000FA0981 /* Car_DataUITestsLaunchTests.swift in Sources */ = {isa = PBXBuildFile; fileRef = BCAEB392284670A000FA0981 /* Car_DataUITestsLaunchTests.swift */; };
		BCAEB3A72846775C00FA0981 /* Rubik-ExtraBold.ttf in Resources */ = {isa = PBXBuildFile; fileRef = BCAEB3A62846775C00FA0981 /* Rubik-ExtraBold.ttf */; };
		BCAEB3A82846776000FA0981 /* Rubik-Bold.ttf in Resources */ = {isa = PBXBuildFile; fileRef = BCAEB3A52846775300FA0981 /* Rubik-Bold.ttf */; };
		BCAEB3A92846776300FA0981 /* Rubik-Black.ttf in Resources */ = {isa = PBXBuildFile; fileRef = BCAEB3A42846774600FA0981 /* Rubik-Black.ttf */; };
		BCAEB3AB2846776D00FA0981 /* Rubik-Light.ttf in Resources */ = {isa = PBXBuildFile; fileRef = BCAEB3AA2846776D00FA0981 /* Rubik-Light.ttf */; };
		BCAEB3AD2846777A00FA0981 /* Rubik-Medium.ttf in Resources */ = {isa = PBXBuildFile; fileRef = BCAEB3AC2846777A00FA0981 /* Rubik-Medium.ttf */; };
		BCAEB3AF2846778100FA0981 /* Rubik-Regular.ttf in Resources */ = {isa = PBXBuildFile; fileRef = BCAEB3AE2846778100FA0981 /* Rubik-Regular.ttf */; };
		BCAEB3B12846778700FA0981 /* Rubik-SemiBold.ttf in Resources */ = {isa = PBXBuildFile; fileRef = BCAEB3B02846778700FA0981 /* Rubik-SemiBold.ttf */; };
		BCAEB3B3284679CA00FA0981 /* Rubik.swift in Sources */ = {isa = PBXBuildFile; fileRef = BCAEB3B2284679CA00FA0981 /* Rubik.swift */; };
		BCAEB3B528467CFB00FA0981 /* UIViewController+UISetup.swift in Sources */ = {isa = PBXBuildFile; fileRef = BCAEB3B428467CFB00FA0981 /* UIViewController+UISetup.swift */; };
		BCAEB3B728467D9100FA0981 /* CDViewController.swift in Sources */ = {isa = PBXBuildFile; fileRef = BCAEB3B628467D9100FA0981 /* CDViewController.swift */; };
		BCB4432F2850844C00792E66 /* VisionViewController.swift in Sources */ = {isa = PBXBuildFile; fileRef = BCB4432D2850844C00792E66 /* VisionViewController.swift */; };
		BCB443302850844C00792E66 /* VisionViewController.xib in Resources */ = {isa = PBXBuildFile; fileRef = BCB4432E2850844C00792E66 /* VisionViewController.xib */; };
		BCC512382849644300E883D0 /* BaseCarData.swift in Sources */ = {isa = PBXBuildFile; fileRef = BCC512372849644300E883D0 /* BaseCarData.swift */; };
		BCC5123B28496BE500E883D0 /* PaddingLabel.swift in Sources */ = {isa = PBXBuildFile; fileRef = BCC5123A28496BE500E883D0 /* PaddingLabel.swift */; };
		BCC5123E28496CF800E883D0 /* Alamofire in Frameworks */ = {isa = PBXBuildFile; productRef = BCC5123D28496CF800E883D0 /* Alamofire */; };
		BCC9B5B7288C5DCC008BB974 /* AdDisplayable.swift in Sources */ = {isa = PBXBuildFile; fileRef = BCC9B5B6288C5DCC008BB974 /* AdDisplayable.swift */; };
		BCC9B5B9288C607C008BB974 /* RNG.swift in Sources */ = {isa = PBXBuildFile; fileRef = BCC9B5B8288C607C008BB974 /* RNG.swift */; };
		BCD3875D2852392F00AE1149 /* VNRecognitionHandler.swift in Sources */ = {isa = PBXBuildFile; fileRef = BCD3875C2852392F00AE1149 /* VNRecognitionHandler.swift */; };
		BCD4D7772848DE3B000D24D0 /* CDTableView.swift in Sources */ = {isa = PBXBuildFile; fileRef = BCD4D7762848DE3B000D24D0 /* CDTableView.swift */; };
		BCD4D7792848E56D000D24D0 /* CDLabel.swift in Sources */ = {isa = PBXBuildFile; fileRef = BCD4D7782848E56D000D24D0 /* CDLabel.swift */; };
		BCD4D77B2848EC9E000D24D0 /* Cell+ReuseIdentifier.swift in Sources */ = {isa = PBXBuildFile; fileRef = BCD4D77A2848EC9E000D24D0 /* Cell+ReuseIdentifier.swift */; };
		BCD52768284A2DBE00DA60FC /* DataViewController.swift in Sources */ = {isa = PBXBuildFile; fileRef = BCD52767284A2DBE00DA60FC /* DataViewController.swift */; };
		BCD5276A284A45E900DA60FC /* UIViewController+ErrorAlert.swift in Sources */ = {isa = PBXBuildFile; fileRef = BCD52769284A45E900DA60FC /* UIViewController+ErrorAlert.swift */; };
		BCD5276C284A52F300DA60FC /* CDError.swift in Sources */ = {isa = PBXBuildFile; fileRef = BCD5276B284A52F300DA60FC /* CDError.swift */; };
		BCD5276E284A6C6400DA60FC /* CDNavigationController.swift in Sources */ = {isa = PBXBuildFile; fileRef = BCD5276D284A6C6300DA60FC /* CDNavigationController.swift */; };
		BCE73B242886E55B00F9854B /* AdViewController.swift in Sources */ = {isa = PBXBuildFile; fileRef = BCE73B222886E55B00F9854B /* AdViewController.swift */; };
		BCE73B252886E55B00F9854B /* AdViewController.xib in Resources */ = {isa = PBXBuildFile; fileRef = BCE73B232886E55B00F9854B /* AdViewController.xib */; };
		BCF32813284AC5E0003A5162 /* CDParameter.swift in Sources */ = {isa = PBXBuildFile; fileRef = BCF32812284AC5E0003A5162 /* CDParameter.swift */; };
		BCF32816284ACE2D003A5162 /* DataSectionTableViewCell.swift in Sources */ = {isa = PBXBuildFile; fileRef = BCF32814284ACE2D003A5162 /* DataSectionTableViewCell.swift */; };
		BCF32817284ACE2D003A5162 /* DataSectionTableViewCell.xib in Resources */ = {isa = PBXBuildFile; fileRef = BCF32815284ACE2D003A5162 /* DataSectionTableViewCell.xib */; };
		BCF3281A284B46D5003A5162 /* CDParameterTableViewCell.swift in Sources */ = {isa = PBXBuildFile; fileRef = BCF32818284B46D5003A5162 /* CDParameterTableViewCell.swift */; };
		BCF3281B284B46D5003A5162 /* CDParameterTableViewCell.xib in Resources */ = {isa = PBXBuildFile; fileRef = BCF32819284B46D5003A5162 /* CDParameterTableViewCell.xib */; };
		BCF3281D284B52E6003A5162 /* Collection+SafeBounds.swift in Sources */ = {isa = PBXBuildFile; fileRef = BCF3281C284B52E6003A5162 /* Collection+SafeBounds.swift */; };
		BCF3281F284B80AC003A5162 /* Main.storyboard in Resources */ = {isa = PBXBuildFile; fileRef = BCF3281E284B80AC003A5162 /* Main.storyboard */; };
		BCFD173C28536556000EAFCE /* UIViewController+PDF.swift in Sources */ = {isa = PBXBuildFile; fileRef = BCFD173B28536556000EAFCE /* UIViewController+PDF.swift */; };
		BCFD17452858BCB5000EAFCE /* PreferencesViewController.swift in Sources */ = {isa = PBXBuildFile; fileRef = BCFD17432858BCB5000EAFCE /* PreferencesViewController.swift */; };
		BCFD17482858BD7C000EAFCE /* Preferences.storyboard in Resources */ = {isa = PBXBuildFile; fileRef = BCFD17472858BD7C000EAFCE /* Preferences.storyboard */; };
/* End PBXBuildFile section */

/* Begin PBXContainerItemProxy section */
		BCAEB383284670A000FA0981 /* PBXContainerItemProxy */ = {
			isa = PBXContainerItemProxy;
			containerPortal = BCAEB364284670A000FA0981 /* Project object */;
			proxyType = 1;
			remoteGlobalIDString = BCAEB36B284670A000FA0981;
			remoteInfo = "Car Data";
		};
		BCAEB38D284670A000FA0981 /* PBXContainerItemProxy */ = {
			isa = PBXContainerItemProxy;
			containerPortal = BCAEB364284670A000FA0981 /* Project object */;
			proxyType = 1;
			remoteGlobalIDString = BCAEB36B284670A000FA0981;
			remoteInfo = "Car Data";
		};
/* End PBXContainerItemProxy section */

/* Begin PBXCopyFilesBuildPhase section */
		BC97D3482849739300D95F69 /* Embed Frameworks */ = {
			isa = PBXCopyFilesBuildPhase;
			buildActionMask = 2147483647;
			dstPath = "";
			dstSubfolderSpec = 10;
			files = (
				BC97D3472849739300D95F69 /* Hero in Embed Frameworks */,
			);
			name = "Embed Frameworks";
			runOnlyForDeploymentPostprocessing = 0;
		};
/* End PBXCopyFilesBuildPhase section */

/* Begin PBXFileReference section */
		6600E17B284E468700351CAF /* UIView+Extensions.swift */ = {isa = PBXFileReference; lastKnownFileType = sourcecode.swift; path = "UIView+Extensions.swift"; sourceTree = "<group>"; };
		660D591A284D67FA00795114 /* Int+Bool.swift */ = {isa = PBXFileReference; lastKnownFileType = sourcecode.swift; path = "Int+Bool.swift"; sourceTree = "<group>"; };
		6628EBDB284E7A6B001CABF9 /* ImportCarData.swift */ = {isa = PBXFileReference; lastKnownFileType = sourcecode.swift; path = ImportCarData.swift; sourceTree = "<group>"; };
		662CD73C284C9C430084998A /* ExtraCarData.swift */ = {isa = PBXFileReference; lastKnownFileType = sourcecode.swift; path = ExtraCarData.swift; sourceTree = "<group>"; };
		6663936D287B537B001FAEE6 /* RespondableView.swift */ = {isa = PBXFileReference; lastKnownFileType = sourcecode.swift; path = RespondableView.swift; sourceTree = "<group>"; };
		666F548D286884E9008C1997 /* MileageData.swift */ = {isa = PBXFileReference; lastKnownFileType = sourcecode.swift; path = MileageData.swift; sourceTree = "<group>"; };
		66A520E42855565E00C0EB88 /* TotaledCarData.swift */ = {isa = PBXFileReference; lastKnownFileType = sourcecode.swift; path = TotaledCarData.swift; sourceTree = "<group>"; };
		66A520E62855D41700C0EB88 /* HeavyCarData.swift */ = {isa = PBXFileReference; lastKnownFileType = sourcecode.swift; path = HeavyCarData.swift; sourceTree = "<group>"; };
		66AB522428512FCB009CD347 /* LiveCameraView.swift */ = {isa = PBXFileReference; lastKnownFileType = sourcecode.swift; path = LiveCameraView.swift; sourceTree = "<group>"; };
		66BA05A2285A553B00DA8DCA /* CDParameterSelectionTableViewController.swift */ = {isa = PBXFileReference; lastKnownFileType = sourcecode.swift; path = CDParameterSelectionTableViewController.swift; sourceTree = "<group>"; };
		66BA05A4285A567A00DA8DCA /* CDParameterSelectionTableViewCell.swift */ = {isa = PBXFileReference; lastKnownFileType = sourcecode.swift; path = CDParameterSelectionTableViewCell.swift; sourceTree = "<group>"; };
		66C297D7284B85E700AA2608 /* HTTPRequest.swift */ = {isa = PBXFileReference; lastKnownFileType = sourcecode.swift; path = HTTPRequest.swift; sourceTree = "<group>"; };
		66C297DA284C0AEC00AA2608 /* SearchHistoryViewController.swift */ = {isa = PBXFileReference; lastKnownFileType = sourcecode.swift; path = SearchHistoryViewController.swift; sourceTree = "<group>"; };
		66C5B869286735E30099E243 /* SearchHistoryContainerTableViewCell.swift */ = {isa = PBXFileReference; lastKnownFileType = sourcecode.swift; path = SearchHistoryContainerTableViewCell.swift; sourceTree = "<group>"; };
		66C5B86A286735E30099E243 /* SearchHistoryContainerTableViewCell.xib */ = {isa = PBXFileReference; lastKnownFileType = file.xib; path = SearchHistoryContainerTableViewCell.xib; sourceTree = "<group>"; };
		66C5B86D286762110099E243 /* CarDataPresentable.swift */ = {isa = PBXFileReference; lastKnownFileType = sourcecode.swift; path = CarDataPresentable.swift; sourceTree = "<group>"; };
		66C6187F285E446D003FB012 /* UIViewController+Toast.swift */ = {isa = PBXFileReference; lastKnownFileType = sourcecode.swift; path = "UIViewController+Toast.swift"; sourceTree = "<group>"; };
		66CA4DD5284CCFEF00D2C21A /* CarDataManager.swift */ = {isa = PBXFileReference; lastKnownFileType = sourcecode.swift; path = CarDataManager.swift; sourceTree = "<group>"; };
		66CA4DD7284CD24E00D2C21A /* CDURLManager.swift */ = {isa = PBXFileReference; lastKnownFileType = sourcecode.swift; path = CDURLManager.swift; sourceTree = "<group>"; };
		66CA4DD9284CD45C00D2C21A /* CarData.swift */ = {isa = PBXFileReference; lastKnownFileType = sourcecode.swift; path = CarData.swift; sourceTree = "<group>"; };
		66CE0825284CEDC900FF7072 /* DisabilityData.swift */ = {isa = PBXFileReference; lastKnownFileType = sourcecode.swift; path = DisabilityData.swift; sourceTree = "<group>"; };
		66E93ADC285901D700876464 /* CDTableViewController.swift */ = {isa = PBXFileReference; lastKnownFileType = sourcecode.swift; path = CDTableViewController.swift; sourceTree = "<group>"; };
		BC01BCFA284F5A2800777C57 /* Date+Extensions.swift */ = {isa = PBXFileReference; lastKnownFileType = sourcecode.swift; path = "Date+Extensions.swift"; sourceTree = "<group>"; };
		BC01BCFE284F5EBF00777C57 /* String+Extensions.swift */ = {isa = PBXFileReference; lastKnownFileType = sourcecode.swift; path = "String+Extensions.swift"; sourceTree = "<group>"; };
		BC01BD01284F798900777C57 /* CDDateFormat.swift */ = {isa = PBXFileReference; lastKnownFileType = sourcecode.swift; path = CDDateFormat.swift; sourceTree = "<group>"; };
		BC01BD03284F8A3D00777C57 /* TaskMonitor.swift */ = {isa = PBXFileReference; lastKnownFileType = sourcecode.swift; path = TaskMonitor.swift; sourceTree = "<group>"; };
		BC01BD05284F8A7300777C57 /* CDTask.swift */ = {isa = PBXFileReference; lastKnownFileType = sourcecode.swift; path = CDTask.swift; sourceTree = "<group>"; };
		BC383952288D444600310F58 /* PremiumViewController.swift */ = {isa = PBXFileReference; lastKnownFileType = sourcecode.swift; path = PremiumViewController.swift; sourceTree = "<group>"; };
		BC383953288D444600310F58 /* PremiumViewController.xib */ = {isa = PBXFileReference; lastKnownFileType = file.xib; path = PremiumViewController.xib; sourceTree = "<group>"; };
		BC383956288D716400310F58 /* PremiumDisplayable.swift */ = {isa = PBXFileReference; lastKnownFileType = sourcecode.swift; path = PremiumDisplayable.swift; sourceTree = "<group>"; };
		BC383958288D789200310F58 /* PurchaseManager.swift */ = {isa = PBXFileReference; lastKnownFileType = sourcecode.swift; path = PurchaseManager.swift; sourceTree = "<group>"; };
		BC38395B288D79E100310F58 /* StoreKit.framework */ = {isa = PBXFileReference; lastKnownFileType = wrapper.framework; name = StoreKit.framework; path = System/Library/Frameworks/StoreKit.framework; sourceTree = SDKROOT; };
		BC38395D288DD40500310F58 /* LoaderView.swift */ = {isa = PBXFileReference; lastKnownFileType = sourcecode.swift; path = LoaderView.swift; sourceTree = "<group>"; };
		BC383963288ECEB100310F58 /* UIViewController+EmailExtensions.swift */ = {isa = PBXFileReference; lastKnownFileType = sourcecode.swift; path = "UIViewController+EmailExtensions.swift"; sourceTree = "<group>"; };
		BC4792482859BBFB00EF79E9 /* CDPreferenceTableViewCell.swift */ = {isa = PBXFileReference; lastKnownFileType = sourcecode.swift; path = CDPreferenceTableViewCell.swift; sourceTree = "<group>"; };
		BC47924A285B100B00EF79E9 /* RealmManager.swift */ = {isa = PBXFileReference; lastKnownFileType = sourcecode.swift; path = RealmManager.swift; sourceTree = "<group>"; };
		BC47924C285B113800EF79E9 /* RealmSelectedParameter.swift */ = {isa = PBXFileReference; lastKnownFileType = sourcecode.swift; path = RealmSelectedParameter.swift; sourceTree = "<group>"; };
		BC4A34892861BC1C005A32D6 /* VisionAlgorithmViewController.swift */ = {isa = PBXFileReference; lastKnownFileType = sourcecode.swift; path = VisionAlgorithmViewController.swift; sourceTree = "<group>"; };
		BC4A348B28620AFF005A32D6 /* UserDefaultsManager.swift */ = {isa = PBXFileReference; lastKnownFileType = sourcecode.swift; path = UserDefaultsManager.swift; sourceTree = "<group>"; };
		BC4A348D28620CA6005A32D6 /* VisionAlgorithmType.swift */ = {isa = PBXFileReference; lastKnownFileType = sourcecode.swift; path = VisionAlgorithmType.swift; sourceTree = "<group>"; };
		BC4A34902863180B005A32D6 /* DataRecord.swift */ = {isa = PBXFileReference; lastKnownFileType = sourcecode.swift; path = DataRecord.swift; sourceTree = "<group>"; };
		BC4A3492286318F0005A32D6 /* RealmCarData.swift */ = {isa = PBXFileReference; lastKnownFileType = sourcecode.swift; path = RealmCarData.swift; sourceTree = "<group>"; };
		BC50A4662848970900D88267 /* SearchHistoryTableViewCell.swift */ = {isa = PBXFileReference; lastKnownFileType = sourcecode.swift; path = SearchHistoryTableViewCell.swift; sourceTree = "<group>"; };
		BC50A4672848970900D88267 /* SearchHistoryTableViewCell.xib */ = {isa = PBXFileReference; lastKnownFileType = file.xib; path = SearchHistoryTableViewCell.xib; sourceTree = "<group>"; };
		BC50A46B2848985000D88267 /* LicensePlateManager.swift */ = {isa = PBXFileReference; lastKnownFileType = sourcecode.swift; path = LicensePlateManager.swift; sourceTree = "<group>"; };
		BC8BE3EE284795EA002838AA /* UIGestureRecognizer+Extensions.swift */ = {isa = PBXFileReference; lastKnownFileType = sourcecode.swift; path = "UIGestureRecognizer+Extensions.swift"; sourceTree = "<group>"; };
		BC8BE3F02847AB95002838AA /* UIView+Fade.swift */ = {isa = PBXFileReference; lastKnownFileType = sourcecode.swift; path = "UIView+Fade.swift"; sourceTree = "<group>"; };
		BC8BE3F42847BA50002838AA /* CDView.swift */ = {isa = PBXFileReference; lastKnownFileType = sourcecode.swift; path = CDView.swift; sourceTree = "<group>"; };
		BC8BE3F62848124C002838AA /* K.swift */ = {isa = PBXFileReference; lastKnownFileType = sourcecode.swift; path = K.swift; sourceTree = "<group>"; };
		BCAD15742848C5190004A49F /* LoadResultViewController.swift */ = {isa = PBXFileReference; lastKnownFileType = sourcecode.swift; path = LoadResultViewController.swift; sourceTree = "<group>"; };
		BCAD15772848D9F90004A49F /* Data.storyboard */ = {isa = PBXFileReference; lastKnownFileType = file.storyboard; path = Data.storyboard; sourceTree = "<group>"; };
		BCAEB36C284670A000FA0981 /* Car Data.app */ = {isa = PBXFileReference; explicitFileType = wrapper.application; includeInIndex = 0; path = "Car Data.app"; sourceTree = BUILT_PRODUCTS_DIR; };
		BCAEB36F284670A000FA0981 /* AppDelegate.swift */ = {isa = PBXFileReference; lastKnownFileType = sourcecode.swift; path = AppDelegate.swift; sourceTree = "<group>"; };
		BCAEB371284670A000FA0981 /* SceneDelegate.swift */ = {isa = PBXFileReference; lastKnownFileType = sourcecode.swift; path = SceneDelegate.swift; sourceTree = "<group>"; };
		BCAEB373284670A000FA0981 /* MainViewController.swift */ = {isa = PBXFileReference; lastKnownFileType = sourcecode.swift; path = MainViewController.swift; sourceTree = "<group>"; };
		BCAEB378284670A000FA0981 /* Assets.xcassets */ = {isa = PBXFileReference; lastKnownFileType = folder.assetcatalog; path = Assets.xcassets; sourceTree = "<group>"; };
		BCAEB37B284670A000FA0981 /* Base */ = {isa = PBXFileReference; lastKnownFileType = file.storyboard; name = Base; path = Base.lproj/LaunchScreen.storyboard; sourceTree = "<group>"; };
		BCAEB37D284670A000FA0981 /* Info.plist */ = {isa = PBXFileReference; lastKnownFileType = text.plist.xml; path = Info.plist; sourceTree = "<group>"; };
		BCAEB382284670A000FA0981 /* Car DataTests.xctest */ = {isa = PBXFileReference; explicitFileType = wrapper.cfbundle; includeInIndex = 0; path = "Car DataTests.xctest"; sourceTree = BUILT_PRODUCTS_DIR; };
		BCAEB386284670A000FA0981 /* Car_DataTests.swift */ = {isa = PBXFileReference; lastKnownFileType = sourcecode.swift; path = Car_DataTests.swift; sourceTree = "<group>"; };
		BCAEB38C284670A000FA0981 /* Car DataUITests.xctest */ = {isa = PBXFileReference; explicitFileType = wrapper.cfbundle; includeInIndex = 0; path = "Car DataUITests.xctest"; sourceTree = BUILT_PRODUCTS_DIR; };
		BCAEB390284670A000FA0981 /* Car_DataUITests.swift */ = {isa = PBXFileReference; lastKnownFileType = sourcecode.swift; path = Car_DataUITests.swift; sourceTree = "<group>"; };
		BCAEB392284670A000FA0981 /* Car_DataUITestsLaunchTests.swift */ = {isa = PBXFileReference; lastKnownFileType = sourcecode.swift; path = Car_DataUITestsLaunchTests.swift; sourceTree = "<group>"; };
		BCAEB3A42846774600FA0981 /* Rubik-Black.ttf */ = {isa = PBXFileReference; lastKnownFileType = file; path = "Rubik-Black.ttf"; sourceTree = "<group>"; };
		BCAEB3A52846775300FA0981 /* Rubik-Bold.ttf */ = {isa = PBXFileReference; lastKnownFileType = file; path = "Rubik-Bold.ttf"; sourceTree = "<group>"; };
		BCAEB3A62846775C00FA0981 /* Rubik-ExtraBold.ttf */ = {isa = PBXFileReference; lastKnownFileType = file; path = "Rubik-ExtraBold.ttf"; sourceTree = "<group>"; };
		BCAEB3AA2846776D00FA0981 /* Rubik-Light.ttf */ = {isa = PBXFileReference; lastKnownFileType = file; path = "Rubik-Light.ttf"; sourceTree = "<group>"; };
		BCAEB3AC2846777A00FA0981 /* Rubik-Medium.ttf */ = {isa = PBXFileReference; lastKnownFileType = file; path = "Rubik-Medium.ttf"; sourceTree = "<group>"; };
		BCAEB3AE2846778100FA0981 /* Rubik-Regular.ttf */ = {isa = PBXFileReference; lastKnownFileType = file; path = "Rubik-Regular.ttf"; sourceTree = "<group>"; };
		BCAEB3B02846778700FA0981 /* Rubik-SemiBold.ttf */ = {isa = PBXFileReference; lastKnownFileType = file; path = "Rubik-SemiBold.ttf"; sourceTree = "<group>"; };
		BCAEB3B2284679CA00FA0981 /* Rubik.swift */ = {isa = PBXFileReference; lastKnownFileType = sourcecode.swift; path = Rubik.swift; sourceTree = "<group>"; };
		BCAEB3B428467CFB00FA0981 /* UIViewController+UISetup.swift */ = {isa = PBXFileReference; lastKnownFileType = sourcecode.swift; path = "UIViewController+UISetup.swift"; sourceTree = "<group>"; };
		BCAEB3B628467D9100FA0981 /* CDViewController.swift */ = {isa = PBXFileReference; lastKnownFileType = sourcecode.swift; path = CDViewController.swift; sourceTree = "<group>"; };
		BCB4432D2850844C00792E66 /* VisionViewController.swift */ = {isa = PBXFileReference; lastKnownFileType = sourcecode.swift; path = VisionViewController.swift; sourceTree = "<group>"; };
		BCB4432E2850844C00792E66 /* VisionViewController.xib */ = {isa = PBXFileReference; lastKnownFileType = file.xib; path = VisionViewController.xib; sourceTree = "<group>"; };
		BCC512372849644300E883D0 /* BaseCarData.swift */ = {isa = PBXFileReference; lastKnownFileType = sourcecode.swift; path = BaseCarData.swift; sourceTree = "<group>"; };
		BCC5123A28496BE500E883D0 /* PaddingLabel.swift */ = {isa = PBXFileReference; lastKnownFileType = sourcecode.swift; path = PaddingLabel.swift; sourceTree = "<group>"; };
		BCC9B5B6288C5DCC008BB974 /* AdDisplayable.swift */ = {isa = PBXFileReference; lastKnownFileType = sourcecode.swift; path = AdDisplayable.swift; sourceTree = "<group>"; };
		BCC9B5B8288C607C008BB974 /* RNG.swift */ = {isa = PBXFileReference; lastKnownFileType = sourcecode.swift; path = RNG.swift; sourceTree = "<group>"; };
		BCD3875C2852392F00AE1149 /* VNRecognitionHandler.swift */ = {isa = PBXFileReference; lastKnownFileType = sourcecode.swift; path = VNRecognitionHandler.swift; sourceTree = "<group>"; };
		BCD4D7762848DE3B000D24D0 /* CDTableView.swift */ = {isa = PBXFileReference; lastKnownFileType = sourcecode.swift; path = CDTableView.swift; sourceTree = "<group>"; };
		BCD4D7782848E56D000D24D0 /* CDLabel.swift */ = {isa = PBXFileReference; lastKnownFileType = sourcecode.swift; path = CDLabel.swift; sourceTree = "<group>"; };
		BCD4D77A2848EC9E000D24D0 /* Cell+ReuseIdentifier.swift */ = {isa = PBXFileReference; lastKnownFileType = sourcecode.swift; path = "Cell+ReuseIdentifier.swift"; sourceTree = "<group>"; };
		BCD52767284A2DBE00DA60FC /* DataViewController.swift */ = {isa = PBXFileReference; lastKnownFileType = sourcecode.swift; path = DataViewController.swift; sourceTree = "<group>"; };
		BCD52769284A45E900DA60FC /* UIViewController+ErrorAlert.swift */ = {isa = PBXFileReference; lastKnownFileType = sourcecode.swift; path = "UIViewController+ErrorAlert.swift"; sourceTree = "<group>"; };
		BCD5276B284A52F300DA60FC /* CDError.swift */ = {isa = PBXFileReference; lastKnownFileType = sourcecode.swift; path = CDError.swift; sourceTree = "<group>"; };
		BCD5276D284A6C6300DA60FC /* CDNavigationController.swift */ = {isa = PBXFileReference; lastKnownFileType = sourcecode.swift; path = CDNavigationController.swift; sourceTree = "<group>"; };
		BCE73B222886E55B00F9854B /* AdViewController.swift */ = {isa = PBXFileReference; lastKnownFileType = sourcecode.swift; path = AdViewController.swift; sourceTree = "<group>"; };
		BCE73B232886E55B00F9854B /* AdViewController.xib */ = {isa = PBXFileReference; lastKnownFileType = file.xib; path = AdViewController.xib; sourceTree = "<group>"; };
		BCF32812284AC5E0003A5162 /* CDParameter.swift */ = {isa = PBXFileReference; lastKnownFileType = sourcecode.swift; path = CDParameter.swift; sourceTree = "<group>"; };
		BCF32814284ACE2D003A5162 /* DataSectionTableViewCell.swift */ = {isa = PBXFileReference; lastKnownFileType = sourcecode.swift; path = DataSectionTableViewCell.swift; sourceTree = "<group>"; };
		BCF32815284ACE2D003A5162 /* DataSectionTableViewCell.xib */ = {isa = PBXFileReference; lastKnownFileType = file.xib; path = DataSectionTableViewCell.xib; sourceTree = "<group>"; };
		BCF32818284B46D5003A5162 /* CDParameterTableViewCell.swift */ = {isa = PBXFileReference; lastKnownFileType = sourcecode.swift; path = CDParameterTableViewCell.swift; sourceTree = "<group>"; };
		BCF32819284B46D5003A5162 /* CDParameterTableViewCell.xib */ = {isa = PBXFileReference; lastKnownFileType = file.xib; path = CDParameterTableViewCell.xib; sourceTree = "<group>"; };
		BCF3281C284B52E6003A5162 /* Collection+SafeBounds.swift */ = {isa = PBXFileReference; lastKnownFileType = sourcecode.swift; path = "Collection+SafeBounds.swift"; sourceTree = "<group>"; };
		BCF3281E284B80AC003A5162 /* Main.storyboard */ = {isa = PBXFileReference; lastKnownFileType = file.storyboard; path = Main.storyboard; sourceTree = "<group>"; };
		BCFD173B28536556000EAFCE /* UIViewController+PDF.swift */ = {isa = PBXFileReference; lastKnownFileType = sourcecode.swift; path = "UIViewController+PDF.swift"; sourceTree = "<group>"; };
		BCFD17432858BCB5000EAFCE /* PreferencesViewController.swift */ = {isa = PBXFileReference; lastKnownFileType = sourcecode.swift; path = PreferencesViewController.swift; sourceTree = "<group>"; };
		BCFD17472858BD7C000EAFCE /* Preferences.storyboard */ = {isa = PBXFileReference; lastKnownFileType = file.storyboard; path = Preferences.storyboard; sourceTree = "<group>"; };
/* End PBXFileReference section */

/* Begin PBXFrameworksBuildPhase section */
		BCAEB369284670A000FA0981 /* Frameworks */ = {
			isa = PBXFrameworksBuildPhase;
			buildActionMask = 2147483647;
			files = (
				BC97D33B28496F0500D95F69 /* NVActivityIndicatorView in Frameworks */,
				66CA4DD2284CCD3D00D2C21A /* FBLPromises in Frameworks */,
				BC97D33828496ECB00D95F69 /* RealmSwift in Frameworks */,
				BC97D33628496ECB00D95F69 /* Realm in Frameworks */,
				BCC5123E28496CF800E883D0 /* Alamofire in Frameworks */,
				66CA4DD4284CCD3D00D2C21A /* Promises in Frameworks */,
				BC97D33D28496F0500D95F69 /* NVActivityIndicatorViewExtended in Frameworks */,
				BC38395C288D79E100310F58 /* StoreKit.framework in Frameworks */,
				BC97D346284971E500D95F69 /* Hero in Frameworks */,
				BC97D34028496F5E00D95F69 /* IQKeyboardManagerSwift in Frameworks */,
			);
			runOnlyForDeploymentPostprocessing = 0;
		};
		BCAEB37F284670A000FA0981 /* Frameworks */ = {
			isa = PBXFrameworksBuildPhase;
			buildActionMask = 2147483647;
			files = (
			);
			runOnlyForDeploymentPostprocessing = 0;
		};
		BCAEB389284670A000FA0981 /* Frameworks */ = {
			isa = PBXFrameworksBuildPhase;
			buildActionMask = 2147483647;
			files = (
			);
			runOnlyForDeploymentPostprocessing = 0;
		};
/* End PBXFrameworksBuildPhase section */

/* Begin PBXGroup section */
		66BA05A8285A567F00DA8DCA /* Parameter Selection */ = {
			isa = PBXGroup;
			children = (
				66BA05A2285A553B00DA8DCA /* CDParameterSelectionTableViewController.swift */,
				66BA05A4285A567A00DA8DCA /* CDParameterSelectionTableViewCell.swift */,
			);
			path = "Parameter Selection";
			sourceTree = "<group>";
		};
		66C297D9284B85EC00AA2608 /* Network */ = {
			isa = PBXGroup;
			children = (
				66C297D7284B85E700AA2608 /* HTTPRequest.swift */,
				BC01BD03284F8A3D00777C57 /* TaskMonitor.swift */,
				BC01BD05284F8A7300777C57 /* CDTask.swift */,
			);
			path = Network;
			sourceTree = "<group>";
		};
		BC01BD00284F797200777C57 /* enums */ = {
			isa = PBXGroup;
			children = (
				BC01BD01284F798900777C57 /* CDDateFormat.swift */,
				BCD5276B284A52F300DA60FC /* CDError.swift */,
			);
			path = enums;
			sourceTree = "<group>";
		};
		BC383951288D441D00310F58 /* Premium */ = {
			isa = PBXGroup;
			children = (
				BC383952288D444600310F58 /* PremiumViewController.swift */,
				BC383953288D444600310F58 /* PremiumViewController.xib */,
				BC383956288D716400310F58 /* PremiumDisplayable.swift */,
			);
			path = Premium;
			sourceTree = "<group>";
		};
		BC38395A288D79E100310F58 /* Frameworks */ = {
			isa = PBXGroup;
			children = (
				BC38395B288D79E100310F58 /* StoreKit.framework */,
			);
			name = Frameworks;
			sourceTree = "<group>";
		};
		BC47924E285B11E000EF79E9 /* Realm */ = {
			isa = PBXGroup;
			children = (
				BC47924C285B113800EF79E9 /* RealmSelectedParameter.swift */,
				BC4A34902863180B005A32D6 /* DataRecord.swift */,
				BC4A3492286318F0005A32D6 /* RealmCarData.swift */,
			);
			path = Realm;
			sourceTree = "<group>";
		};
		BC4A348F286218A0005A32D6 /* Algorithm Type */ = {
			isa = PBXGroup;
			children = (
				BC4A348D28620CA6005A32D6 /* VisionAlgorithmType.swift */,
				BC4A34892861BC1C005A32D6 /* VisionAlgorithmViewController.swift */,
			);
			path = "Algorithm Type";
			sourceTree = "<group>";
		};
		BC50A46A2848982900D88267 /* View Model */ = {
			isa = PBXGroup;
			children = (
				BC50A46B2848985000D88267 /* LicensePlateManager.swift */,
				66CA4DD5284CCFEF00D2C21A /* CarDataManager.swift */,
				66CA4DD7284CD24E00D2C21A /* CDURLManager.swift */,
				BC47924A285B100B00EF79E9 /* RealmManager.swift */,
				BC4A348B28620AFF005A32D6 /* UserDefaultsManager.swift */,
				BC383958288D789200310F58 /* PurchaseManager.swift */,
			);
			path = "View Model";
			sourceTree = "<group>";
		};
		BC8BE3F22847BA2A002838AA /* extensions */ = {
			isa = PBXGroup;
			children = (
				BC383963288ECEB100310F58 /* UIViewController+EmailExtensions.swift */,
				660D591A284D67FA00795114 /* Int+Bool.swift */,
				BC01BCFA284F5A2800777C57 /* Date+Extensions.swift */,
				BC01BCFE284F5EBF00777C57 /* String+Extensions.swift */,
				BCF3281C284B52E6003A5162 /* Collection+SafeBounds.swift */,
				6600E17B284E468700351CAF /* UIView+Extensions.swift */,
				BC8BE3F02847AB95002838AA /* UIView+Fade.swift */,
				BCAEB3B428467CFB00FA0981 /* UIViewController+UISetup.swift */,
				BCFD173B28536556000EAFCE /* UIViewController+PDF.swift */,
				BC8BE3EE284795EA002838AA /* UIGestureRecognizer+Extensions.swift */,
				BCD4D77A2848EC9E000D24D0 /* Cell+ReuseIdentifier.swift */,
				66C6187F285E446D003FB012 /* UIViewController+Toast.swift */,
			);
			path = extensions;
			sourceTree = "<group>";
		};
		BC8BE3F32847BA3F002838AA /* base classes */ = {
			isa = PBXGroup;
			children = (
				BCAEB3B628467D9100FA0981 /* CDViewController.swift */,
				BC8BE3F42847BA50002838AA /* CDView.swift */,
				BCD4D7762848DE3B000D24D0 /* CDTableView.swift */,
				BCD4D7782848E56D000D24D0 /* CDLabel.swift */,
				BCD5276D284A6C6300DA60FC /* CDNavigationController.swift */,
				66E93ADC285901D700876464 /* CDTableViewController.swift */,
			);
			path = "base classes";
			sourceTree = "<group>";
		};
		BCAD15762848D9CE0004A49F /* Data */ = {
			isa = PBXGroup;
			children = (
				BCAD15772848D9F90004A49F /* Data.storyboard */,
				BCD52767284A2DBE00DA60FC /* DataViewController.swift */,
				BCF32814284ACE2D003A5162 /* DataSectionTableViewCell.swift */,
				BCF32815284ACE2D003A5162 /* DataSectionTableViewCell.xib */,
				BCF32818284B46D5003A5162 /* CDParameterTableViewCell.swift */,
				BCF32819284B46D5003A5162 /* CDParameterTableViewCell.xib */,
				66C5B86D286762110099E243 /* CarDataPresentable.swift */,
			);
			path = Data;
			sourceTree = "<group>";
		};
		BCAEB363284670A000FA0981 = {
			isa = PBXGroup;
			children = (
				BCAEB36E284670A000FA0981 /* Car Data */,
				BCAEB385284670A000FA0981 /* Car DataTests */,
				BCAEB38F284670A000FA0981 /* Car DataUITests */,
				BCAEB36D284670A000FA0981 /* Products */,
				BC38395A288D79E100310F58 /* Frameworks */,
			);
			sourceTree = "<group>";
		};
		BCAEB36D284670A000FA0981 /* Products */ = {
			isa = PBXGroup;
			children = (
				BCAEB36C284670A000FA0981 /* Car Data.app */,
				BCAEB382284670A000FA0981 /* Car DataTests.xctest */,
				BCAEB38C284670A000FA0981 /* Car DataUITests.xctest */,
			);
			name = Products;
			sourceTree = "<group>";
		};
		BCAEB36E284670A000FA0981 /* Car Data */ = {
			isa = PBXGroup;
			children = (
				BCAEB36F284670A000FA0981 /* AppDelegate.swift */,
				BCAEB371284670A000FA0981 /* SceneDelegate.swift */,
				66C297D9284B85EC00AA2608 /* Network */,
				BCD4D77C28491C6E000D24D0 /* Model */,
				BCAEB3A0284675A300FA0981 /* Pages */,
				BC50A46A2848982900D88267 /* View Model */,
				BCAEB3A32846769D00FA0981 /* Utilities */,
				BCAEB378284670A000FA0981 /* Assets.xcassets */,
				BCAEB37A284670A000FA0981 /* LaunchScreen.storyboard */,
				BCAEB37D284670A000FA0981 /* Info.plist */,
			);
			path = "Car Data";
			sourceTree = "<group>";
		};
		BCAEB385284670A000FA0981 /* Car DataTests */ = {
			isa = PBXGroup;
			children = (
				BCAEB386284670A000FA0981 /* Car_DataTests.swift */,
			);
			path = "Car DataTests";
			sourceTree = "<group>";
		};
		BCAEB38F284670A000FA0981 /* Car DataUITests */ = {
			isa = PBXGroup;
			children = (
				BCAEB390284670A000FA0981 /* Car_DataUITests.swift */,
				BCAEB392284670A000FA0981 /* Car_DataUITestsLaunchTests.swift */,
			);
			path = "Car DataUITests";
			sourceTree = "<group>";
		};
		BCAEB39F2846759500FA0981 /* Fonts */ = {
			isa = PBXGroup;
			children = (
				BCAEB3B2284679CA00FA0981 /* Rubik.swift */,
				BCAEB3AA2846776D00FA0981 /* Rubik-Light.ttf */,
				BCAEB3AE2846778100FA0981 /* Rubik-Regular.ttf */,
				BCAEB3AC2846777A00FA0981 /* Rubik-Medium.ttf */,
				BCAEB3B02846778700FA0981 /* Rubik-SemiBold.ttf */,
				BCAEB3A52846775300FA0981 /* Rubik-Bold.ttf */,
				BCAEB3A62846775C00FA0981 /* Rubik-ExtraBold.ttf */,
				BCAEB3A42846774600FA0981 /* Rubik-Black.ttf */,
			);
			path = Fonts;
			sourceTree = "<group>";
		};
		BCAEB3A0284675A300FA0981 /* Pages */ = {
			isa = PBXGroup;
			children = (
				BCE73B212886E53C00F9854B /* Ads */,
				BCAEB3A1284675B300FA0981 /* Main */,
				BCAD15762848D9CE0004A49F /* Data */,
				BCB443312850845D00792E66 /* Vision */,
				BCFD17422858BC8E000EAFCE /* Preferences */,
				BC383951288D441D00310F58 /* Premium */,
			);
			path = Pages;
			sourceTree = "<group>";
		};
		BCAEB3A1284675B300FA0981 /* Main */ = {
			isa = PBXGroup;
			children = (
				BCF3281E284B80AC003A5162 /* Main.storyboard */,
				BCAEB373284670A000FA0981 /* MainViewController.swift */,
				BCAD15742848C5190004A49F /* LoadResultViewController.swift */,
				BCB443322850846A00792E66 /* Search History */,
			);
			path = Main;
			sourceTree = "<group>";
		};
		BCAEB3A32846769D00FA0981 /* Utilities */ = {
			isa = PBXGroup;
			children = (
				BCAEB39F2846759500FA0981 /* Fonts */,
				BC8BE3F32847BA3F002838AA /* base classes */,
				BC01BD00284F797200777C57 /* enums */,
				BCC5123928496BD000E883D0 /* reusable views */,
				BC8BE3F22847BA2A002838AA /* extensions */,
				BC8BE3F62848124C002838AA /* K.swift */,
				BCC9B5B8288C607C008BB974 /* RNG.swift */,
			);
			path = Utilities;
			sourceTree = "<group>";
		};
		BCB443312850845D00792E66 /* Vision */ = {
			isa = PBXGroup;
			children = (
				BCB4432D2850844C00792E66 /* VisionViewController.swift */,
				BCB4432E2850844C00792E66 /* VisionViewController.xib */,
				66AB522428512FCB009CD347 /* LiveCameraView.swift */,
				BCD3875C2852392F00AE1149 /* VNRecognitionHandler.swift */,
				6663936D287B537B001FAEE6 /* RespondableView.swift */,
			);
			path = Vision;
			sourceTree = "<group>";
		};
		BCB443322850846A00792E66 /* Search History */ = {
			isa = PBXGroup;
			children = (
				BC50A4662848970900D88267 /* SearchHistoryTableViewCell.swift */,
				BC50A4672848970900D88267 /* SearchHistoryTableViewCell.xib */,
				66C297DA284C0AEC00AA2608 /* SearchHistoryViewController.swift */,
				66C5B869286735E30099E243 /* SearchHistoryContainerTableViewCell.swift */,
				66C5B86A286735E30099E243 /* SearchHistoryContainerTableViewCell.xib */,
			);
			path = "Search History";
			sourceTree = "<group>";
		};
		BCC5123928496BD000E883D0 /* reusable views */ = {
			isa = PBXGroup;
			children = (
				BCC5123A28496BE500E883D0 /* PaddingLabel.swift */,
				BCD52769284A45E900DA60FC /* UIViewController+ErrorAlert.swift */,
				BC38395D288DD40500310F58 /* LoaderView.swift */,
			);
			path = "reusable views";
			sourceTree = "<group>";
		};
		BCD4D77C28491C6E000D24D0 /* Model */ = {
			isa = PBXGroup;
			children = (
				66CA4DD9284CD45C00D2C21A /* CarData.swift */,
				BCF32812284AC5E0003A5162 /* CDParameter.swift */,
				BCC512372849644300E883D0 /* BaseCarData.swift */,
				66CE0825284CEDC900FF7072 /* DisabilityData.swift */,
				662CD73C284C9C430084998A /* ExtraCarData.swift */,
				6628EBDB284E7A6B001CABF9 /* ImportCarData.swift */,
				66A520E42855565E00C0EB88 /* TotaledCarData.swift */,
				66A520E62855D41700C0EB88 /* HeavyCarData.swift */,
				666F548D286884E9008C1997 /* MileageData.swift */,
				BC47924E285B11E000EF79E9 /* Realm */,
			);
			path = Model;
			sourceTree = "<group>";
		};
		BCE73B212886E53C00F9854B /* Ads */ = {
			isa = PBXGroup;
			children = (
				BCE73B222886E55B00F9854B /* AdViewController.swift */,
				BCE73B232886E55B00F9854B /* AdViewController.xib */,
				BCC9B5B6288C5DCC008BB974 /* AdDisplayable.swift */,
			);
			path = Ads;
			sourceTree = "<group>";
		};
		BCFD17422858BC8E000EAFCE /* Preferences */ = {
			isa = PBXGroup;
			children = (
				BCFD17432858BCB5000EAFCE /* PreferencesViewController.swift */,
				BCFD17472858BD7C000EAFCE /* Preferences.storyboard */,
				BC4792482859BBFB00EF79E9 /* CDPreferenceTableViewCell.swift */,
				66BA05A8285A567F00DA8DCA /* Parameter Selection */,
				BC4A348F286218A0005A32D6 /* Algorithm Type */,
			);
			path = Preferences;
			sourceTree = "<group>";
		};
/* End PBXGroup section */

/* Begin PBXNativeTarget section */
		BCAEB36B284670A000FA0981 /* Car Data */ = {
			isa = PBXNativeTarget;
			buildConfigurationList = BCAEB396284670A000FA0981 /* Build configuration list for PBXNativeTarget "Car Data" */;
			buildPhases = (
				BCAEB368284670A000FA0981 /* Sources */,
				BCAEB369284670A000FA0981 /* Frameworks */,
				BCAEB36A284670A000FA0981 /* Resources */,
				BC97D3482849739300D95F69 /* Embed Frameworks */,
			);
			buildRules = (
			);
			dependencies = (
			);
			name = "Car Data";
			packageProductDependencies = (
				BCC5123D28496CF800E883D0 /* Alamofire */,
				BC97D33528496ECB00D95F69 /* Realm */,
				BC97D33728496ECB00D95F69 /* RealmSwift */,
				BC97D33A28496F0500D95F69 /* NVActivityIndicatorView */,
				BC97D33C28496F0500D95F69 /* NVActivityIndicatorViewExtended */,
				BC97D33F28496F5E00D95F69 /* IQKeyboardManagerSwift */,
				BC97D345284971E500D95F69 /* Hero */,
				66CA4DD1284CCD3D00D2C21A /* FBLPromises */,
				66CA4DD3284CCD3D00D2C21A /* Promises */,
			);
			productName = "Car Data";
			productReference = BCAEB36C284670A000FA0981 /* Car Data.app */;
			productType = "com.apple.product-type.application";
		};
		BCAEB381284670A000FA0981 /* Car DataTests */ = {
			isa = PBXNativeTarget;
			buildConfigurationList = BCAEB399284670A000FA0981 /* Build configuration list for PBXNativeTarget "Car DataTests" */;
			buildPhases = (
				BCAEB37E284670A000FA0981 /* Sources */,
				BCAEB37F284670A000FA0981 /* Frameworks */,
				BCAEB380284670A000FA0981 /* Resources */,
			);
			buildRules = (
			);
			dependencies = (
				BCAEB384284670A000FA0981 /* PBXTargetDependency */,
			);
			name = "Car DataTests";
			productName = "Car DataTests";
			productReference = BCAEB382284670A000FA0981 /* Car DataTests.xctest */;
			productType = "com.apple.product-type.bundle.unit-test";
		};
		BCAEB38B284670A000FA0981 /* Car DataUITests */ = {
			isa = PBXNativeTarget;
			buildConfigurationList = BCAEB39C284670A000FA0981 /* Build configuration list for PBXNativeTarget "Car DataUITests" */;
			buildPhases = (
				BCAEB388284670A000FA0981 /* Sources */,
				BCAEB389284670A000FA0981 /* Frameworks */,
				BCAEB38A284670A000FA0981 /* Resources */,
			);
			buildRules = (
			);
			dependencies = (
				BCAEB38E284670A000FA0981 /* PBXTargetDependency */,
			);
			name = "Car DataUITests";
			productName = "Car DataUITests";
			productReference = BCAEB38C284670A000FA0981 /* Car DataUITests.xctest */;
			productType = "com.apple.product-type.bundle.ui-testing";
		};
/* End PBXNativeTarget section */

/* Begin PBXProject section */
		BCAEB364284670A000FA0981 /* Project object */ = {
			isa = PBXProject;
			attributes = {
				BuildIndependentTargetsInParallel = 1;
				LastSwiftUpdateCheck = 1340;
				LastUpgradeCheck = 1340;
				TargetAttributes = {
					BCAEB36B284670A000FA0981 = {
						CreatedOnToolsVersion = 13.4;
					};
					BCAEB381284670A000FA0981 = {
						CreatedOnToolsVersion = 13.4;
						TestTargetID = BCAEB36B284670A000FA0981;
					};
					BCAEB38B284670A000FA0981 = {
						CreatedOnToolsVersion = 13.4;
						TestTargetID = BCAEB36B284670A000FA0981;
					};
				};
			};
			buildConfigurationList = BCAEB367284670A000FA0981 /* Build configuration list for PBXProject "Car Data" */;
			compatibilityVersion = "Xcode 13.0";
			developmentRegion = en;
			hasScannedForEncodings = 0;
			knownRegions = (
				en,
				Base,
			);
			mainGroup = BCAEB363284670A000FA0981;
			packageReferences = (
				BCC5123C28496CF800E883D0 /* XCRemoteSwiftPackageReference "Alamofire" */,
				BC97D33428496ECB00D95F69 /* XCRemoteSwiftPackageReference "realm-swift" */,
				BC97D33928496F0500D95F69 /* XCRemoteSwiftPackageReference "NVActivityIndicatorView" */,
				BC97D33E28496F5E00D95F69 /* XCRemoteSwiftPackageReference "IQKeyboardManager" */,
				BC97D344284971E500D95F69 /* XCRemoteSwiftPackageReference "Hero" */,
				66CA4DD0284CCD3C00D2C21A /* XCRemoteSwiftPackageReference "promises" */,
			);
			productRefGroup = BCAEB36D284670A000FA0981 /* Products */;
			projectDirPath = "";
			projectRoot = "";
			targets = (
				BCAEB36B284670A000FA0981 /* Car Data */,
				BCAEB381284670A000FA0981 /* Car DataTests */,
				BCAEB38B284670A000FA0981 /* Car DataUITests */,
			);
		};
/* End PBXProject section */

/* Begin PBXResourcesBuildPhase section */
		BCAEB36A284670A000FA0981 /* Resources */ = {
			isa = PBXResourcesBuildPhase;
			buildActionMask = 2147483647;
			files = (
				BCAD15782848D9F90004A49F /* Data.storyboard in Resources */,
				BCAEB3A92846776300FA0981 /* Rubik-Black.ttf in Resources */,
				BC383955288D444600310F58 /* PremiumViewController.xib in Resources */,
				BCAEB37C284670A000FA0981 /* LaunchScreen.storyboard in Resources */,
				BCAEB379284670A000FA0981 /* Assets.xcassets in Resources */,
				66C5B86C286735E30099E243 /* SearchHistoryContainerTableViewCell.xib in Resources */,
				BCAEB3A72846775C00FA0981 /* Rubik-ExtraBold.ttf in Resources */,
				BCF3281B284B46D5003A5162 /* CDParameterTableViewCell.xib in Resources */,
				BCAEB3AF2846778100FA0981 /* Rubik-Regular.ttf in Resources */,
				BCF3281F284B80AC003A5162 /* Main.storyboard in Resources */,
				BCAEB3AB2846776D00FA0981 /* Rubik-Light.ttf in Resources */,
				BCAEB3B12846778700FA0981 /* Rubik-SemiBold.ttf in Resources */,
				BCF32817284ACE2D003A5162 /* DataSectionTableViewCell.xib in Resources */,
				BCAEB3A82846776000FA0981 /* Rubik-Bold.ttf in Resources */,
				BCE73B252886E55B00F9854B /* AdViewController.xib in Resources */,
				BC50A4692848970900D88267 /* SearchHistoryTableViewCell.xib in Resources */,
				BCB443302850844C00792E66 /* VisionViewController.xib in Resources */,
				BCAEB3AD2846777A00FA0981 /* Rubik-Medium.ttf in Resources */,
				BCFD17482858BD7C000EAFCE /* Preferences.storyboard in Resources */,
			);
			runOnlyForDeploymentPostprocessing = 0;
		};
		BCAEB380284670A000FA0981 /* Resources */ = {
			isa = PBXResourcesBuildPhase;
			buildActionMask = 2147483647;
			files = (
			);
			runOnlyForDeploymentPostprocessing = 0;
		};
		BCAEB38A284670A000FA0981 /* Resources */ = {
			isa = PBXResourcesBuildPhase;
			buildActionMask = 2147483647;
			files = (
			);
			runOnlyForDeploymentPostprocessing = 0;
		};
/* End PBXResourcesBuildPhase section */

/* Begin PBXSourcesBuildPhase section */
		BCAEB368284670A000FA0981 /* Sources */ = {
			isa = PBXSourcesBuildPhase;
			buildActionMask = 2147483647;
			files = (
				BCF3281A284B46D5003A5162 /* CDParameterTableViewCell.swift in Sources */,
				6628EBDC284E7A6B001CABF9 /* ImportCarData.swift in Sources */,
				66CA4DD8284CD24E00D2C21A /* CDURLManager.swift in Sources */,
				BCD52768284A2DBE00DA60FC /* DataViewController.swift in Sources */,
				66C5B86E286762110099E243 /* CarDataPresentable.swift in Sources */,
				BC383959288D789200310F58 /* PurchaseManager.swift in Sources */,
				BCFD173C28536556000EAFCE /* UIViewController+PDF.swift in Sources */,
				BC4A348C28620AFF005A32D6 /* UserDefaultsManager.swift in Sources */,
				BCB4432F2850844C00792E66 /* VisionViewController.swift in Sources */,
				BC50A4682848970900D88267 /* SearchHistoryTableViewCell.swift in Sources */,
				66BA05A6285A567A00DA8DCA /* CDParameterSelectionTableViewCell.swift in Sources */,
				662CD73D284C9C430084998A /* ExtraCarData.swift in Sources */,
				66CA4DD6284CCFEF00D2C21A /* CarDataManager.swift in Sources */,
				BCF32813284AC5E0003A5162 /* CDParameter.swift in Sources */,
				6600E17C284E468700351CAF /* UIView+Extensions.swift in Sources */,
				BC4A348A2861BC1C005A32D6 /* VisionAlgorithmViewController.swift in Sources */,
				BC383957288D716400310F58 /* PremiumDisplayable.swift in Sources */,
				BC47924B285B100B00EF79E9 /* RealmManager.swift in Sources */,
				BCFD17452858BCB5000EAFCE /* PreferencesViewController.swift in Sources */,
				BC8BE3F12847AB95002838AA /* UIView+Fade.swift in Sources */,
				BCD5276A284A45E900DA60FC /* UIViewController+ErrorAlert.swift in Sources */,
				BC4A3493286318F0005A32D6 /* RealmCarData.swift in Sources */,
				666F548E286884E9008C1997 /* MileageData.swift in Sources */,
				BCE73B242886E55B00F9854B /* AdViewController.swift in Sources */,
				66E93ADD285901D700876464 /* CDTableViewController.swift in Sources */,
				BC4A348E28620CA6005A32D6 /* VisionAlgorithmType.swift in Sources */,
				BC01BD06284F8A7300777C57 /* CDTask.swift in Sources */,
				66A520E72855D41700C0EB88 /* HeavyCarData.swift in Sources */,
				BC47924D285B113800EF79E9 /* RealmSelectedParameter.swift in Sources */,
				BCD5276C284A52F300DA60FC /* CDError.swift in Sources */,
				66C5B86B286735E30099E243 /* SearchHistoryContainerTableViewCell.swift in Sources */,
				BCC9B5B7288C5DCC008BB974 /* AdDisplayable.swift in Sources */,
				66AB522528512FCB009CD347 /* LiveCameraView.swift in Sources */,
				BC8BE3F72848124C002838AA /* K.swift in Sources */,
				BCD5276E284A6C6400DA60FC /* CDNavigationController.swift in Sources */,
				BCD4D7792848E56D000D24D0 /* CDLabel.swift in Sources */,
				BCC512382849644300E883D0 /* BaseCarData.swift in Sources */,
				BCAEB3B528467CFB00FA0981 /* UIViewController+UISetup.swift in Sources */,
				BC383954288D444600310F58 /* PremiumViewController.swift in Sources */,
				BC50A46C2848985000D88267 /* LicensePlateManager.swift in Sources */,
				66BA05A3285A553B00DA8DCA /* CDParameterSelectionTableViewController.swift in Sources */,
				BC01BD02284F798900777C57 /* CDDateFormat.swift in Sources */,
				BC4A34912863180C005A32D6 /* DataRecord.swift in Sources */,
				BCC5123B28496BE500E883D0 /* PaddingLabel.swift in Sources */,
				BCAEB374284670A000FA0981 /* MainViewController.swift in Sources */,
				BC01BCFB284F5A2800777C57 /* Date+Extensions.swift in Sources */,
				BCD4D77B2848EC9E000D24D0 /* Cell+ReuseIdentifier.swift in Sources */,
				BCAEB370284670A000FA0981 /* AppDelegate.swift in Sources */,
				66C297DB284C0AEC00AA2608 /* SearchHistoryViewController.swift in Sources */,
				660D591B284D67FA00795114 /* Int+Bool.swift in Sources */,
				BC4792492859BBFB00EF79E9 /* CDPreferenceTableViewCell.swift in Sources */,
				BCD3875D2852392F00AE1149 /* VNRecognitionHandler.swift in Sources */,
				BCF32816284ACE2D003A5162 /* DataSectionTableViewCell.swift in Sources */,
				BCAEB372284670A000FA0981 /* SceneDelegate.swift in Sources */,
				66C61880285E446D003FB012 /* UIViewController+Toast.swift in Sources */,
				BCAD15752848C5190004A49F /* LoadResultViewController.swift in Sources */,
				66CA4DDA284CD45C00D2C21A /* CarData.swift in Sources */,
				BC8BE3F52847BA50002838AA /* CDView.swift in Sources */,
				BCC9B5B9288C607C008BB974 /* RNG.swift in Sources */,
				BCAEB3B3284679CA00FA0981 /* Rubik.swift in Sources */,
				BC383964288ECEB100310F58 /* UIViewController+EmailExtensions.swift in Sources */,
				BCAEB3B728467D9100FA0981 /* CDViewController.swift in Sources */,
				BC38395E288DD40500310F58 /* LoaderView.swift in Sources */,
				66A520E52855565E00C0EB88 /* TotaledCarData.swift in Sources */,
				BC01BCFF284F5EBF00777C57 /* String+Extensions.swift in Sources */,
				66C297D8284B85E700AA2608 /* HTTPRequest.swift in Sources */,
				6663936E287B537B001FAEE6 /* RespondableView.swift in Sources */,
				BCF3281D284B52E6003A5162 /* Collection+SafeBounds.swift in Sources */,
				66CE0826284CEDC900FF7072 /* DisabilityData.swift in Sources */,
				BCD4D7772848DE3B000D24D0 /* CDTableView.swift in Sources */,
				BC8BE3EF284795EA002838AA /* UIGestureRecognizer+Extensions.swift in Sources */,
				BC01BD04284F8A3D00777C57 /* TaskMonitor.swift in Sources */,
			);
			runOnlyForDeploymentPostprocessing = 0;
		};
		BCAEB37E284670A000FA0981 /* Sources */ = {
			isa = PBXSourcesBuildPhase;
			buildActionMask = 2147483647;
			files = (
				BCAEB387284670A000FA0981 /* Car_DataTests.swift in Sources */,
			);
			runOnlyForDeploymentPostprocessing = 0;
		};
		BCAEB388284670A000FA0981 /* Sources */ = {
			isa = PBXSourcesBuildPhase;
			buildActionMask = 2147483647;
			files = (
				BCAEB393284670A000FA0981 /* Car_DataUITestsLaunchTests.swift in Sources */,
				BCAEB391284670A000FA0981 /* Car_DataUITests.swift in Sources */,
			);
			runOnlyForDeploymentPostprocessing = 0;
		};
/* End PBXSourcesBuildPhase section */

/* Begin PBXTargetDependency section */
		BCAEB384284670A000FA0981 /* PBXTargetDependency */ = {
			isa = PBXTargetDependency;
			target = BCAEB36B284670A000FA0981 /* Car Data */;
			targetProxy = BCAEB383284670A000FA0981 /* PBXContainerItemProxy */;
		};
		BCAEB38E284670A000FA0981 /* PBXTargetDependency */ = {
			isa = PBXTargetDependency;
			target = BCAEB36B284670A000FA0981 /* Car Data */;
			targetProxy = BCAEB38D284670A000FA0981 /* PBXContainerItemProxy */;
		};
/* End PBXTargetDependency section */

/* Begin PBXVariantGroup section */
		BCAEB37A284670A000FA0981 /* LaunchScreen.storyboard */ = {
			isa = PBXVariantGroup;
			children = (
				BCAEB37B284670A000FA0981 /* Base */,
			);
			name = LaunchScreen.storyboard;
			sourceTree = "<group>";
		};
/* End PBXVariantGroup section */

/* Begin XCBuildConfiguration section */
		BCAEB394284670A000FA0981 /* Debug */ = {
			isa = XCBuildConfiguration;
			buildSettings = {
				ALWAYS_SEARCH_USER_PATHS = NO;
				CLANG_ANALYZER_NONNULL = YES;
				CLANG_ANALYZER_NUMBER_OBJECT_CONVERSION = YES_AGGRESSIVE;
				CLANG_CXX_LANGUAGE_STANDARD = "gnu++17";
				CLANG_ENABLE_MODULES = YES;
				CLANG_ENABLE_OBJC_ARC = YES;
				CLANG_ENABLE_OBJC_WEAK = YES;
				CLANG_WARN_BLOCK_CAPTURE_AUTORELEASING = YES;
				CLANG_WARN_BOOL_CONVERSION = YES;
				CLANG_WARN_COMMA = YES;
				CLANG_WARN_CONSTANT_CONVERSION = YES;
				CLANG_WARN_DEPRECATED_OBJC_IMPLEMENTATIONS = YES;
				CLANG_WARN_DIRECT_OBJC_ISA_USAGE = YES_ERROR;
				CLANG_WARN_DOCUMENTATION_COMMENTS = YES;
				CLANG_WARN_EMPTY_BODY = YES;
				CLANG_WARN_ENUM_CONVERSION = YES;
				CLANG_WARN_INFINITE_RECURSION = YES;
				CLANG_WARN_INT_CONVERSION = YES;
				CLANG_WARN_NON_LITERAL_NULL_CONVERSION = YES;
				CLANG_WARN_OBJC_IMPLICIT_RETAIN_SELF = YES;
				CLANG_WARN_OBJC_LITERAL_CONVERSION = YES;
				CLANG_WARN_OBJC_ROOT_CLASS = YES_ERROR;
				CLANG_WARN_QUOTED_INCLUDE_IN_FRAMEWORK_HEADER = YES;
				CLANG_WARN_RANGE_LOOP_ANALYSIS = YES;
				CLANG_WARN_STRICT_PROTOTYPES = YES;
				CLANG_WARN_SUSPICIOUS_MOVE = YES;
				CLANG_WARN_UNGUARDED_AVAILABILITY = YES_AGGRESSIVE;
				CLANG_WARN_UNREACHABLE_CODE = YES;
				CLANG_WARN__DUPLICATE_METHOD_MATCH = YES;
				COPY_PHASE_STRIP = NO;
				DEBUG_INFORMATION_FORMAT = dwarf;
				ENABLE_STRICT_OBJC_MSGSEND = YES;
				ENABLE_TESTABILITY = YES;
				GCC_C_LANGUAGE_STANDARD = gnu11;
				GCC_DYNAMIC_NO_PIC = NO;
				GCC_NO_COMMON_BLOCKS = YES;
				GCC_OPTIMIZATION_LEVEL = 0;
				GCC_PREPROCESSOR_DEFINITIONS = (
					"DEBUG=1",
					"$(inherited)",
				);
				GCC_WARN_64_TO_32_BIT_CONVERSION = YES;
				GCC_WARN_ABOUT_RETURN_TYPE = YES_ERROR;
				GCC_WARN_UNDECLARED_SELECTOR = YES;
				GCC_WARN_UNINITIALIZED_AUTOS = YES_AGGRESSIVE;
				GCC_WARN_UNUSED_FUNCTION = YES;
				GCC_WARN_UNUSED_VARIABLE = YES;
				IPHONEOS_DEPLOYMENT_TARGET = 15.5;
				MTL_ENABLE_DEBUG_INFO = INCLUDE_SOURCE;
				MTL_FAST_MATH = YES;
				ONLY_ACTIVE_ARCH = YES;
				SDKROOT = iphoneos;
				SWIFT_ACTIVE_COMPILATION_CONDITIONS = DEBUG;
				SWIFT_OPTIMIZATION_LEVEL = "-Onone";
			};
			name = Debug;
		};
		BCAEB395284670A000FA0981 /* Release */ = {
			isa = XCBuildConfiguration;
			buildSettings = {
				ALWAYS_SEARCH_USER_PATHS = NO;
				CLANG_ANALYZER_NONNULL = YES;
				CLANG_ANALYZER_NUMBER_OBJECT_CONVERSION = YES_AGGRESSIVE;
				CLANG_CXX_LANGUAGE_STANDARD = "gnu++17";
				CLANG_ENABLE_MODULES = YES;
				CLANG_ENABLE_OBJC_ARC = YES;
				CLANG_ENABLE_OBJC_WEAK = YES;
				CLANG_WARN_BLOCK_CAPTURE_AUTORELEASING = YES;
				CLANG_WARN_BOOL_CONVERSION = YES;
				CLANG_WARN_COMMA = YES;
				CLANG_WARN_CONSTANT_CONVERSION = YES;
				CLANG_WARN_DEPRECATED_OBJC_IMPLEMENTATIONS = YES;
				CLANG_WARN_DIRECT_OBJC_ISA_USAGE = YES_ERROR;
				CLANG_WARN_DOCUMENTATION_COMMENTS = YES;
				CLANG_WARN_EMPTY_BODY = YES;
				CLANG_WARN_ENUM_CONVERSION = YES;
				CLANG_WARN_INFINITE_RECURSION = YES;
				CLANG_WARN_INT_CONVERSION = YES;
				CLANG_WARN_NON_LITERAL_NULL_CONVERSION = YES;
				CLANG_WARN_OBJC_IMPLICIT_RETAIN_SELF = YES;
				CLANG_WARN_OBJC_LITERAL_CONVERSION = YES;
				CLANG_WARN_OBJC_ROOT_CLASS = YES_ERROR;
				CLANG_WARN_QUOTED_INCLUDE_IN_FRAMEWORK_HEADER = YES;
				CLANG_WARN_RANGE_LOOP_ANALYSIS = YES;
				CLANG_WARN_STRICT_PROTOTYPES = YES;
				CLANG_WARN_SUSPICIOUS_MOVE = YES;
				CLANG_WARN_UNGUARDED_AVAILABILITY = YES_AGGRESSIVE;
				CLANG_WARN_UNREACHABLE_CODE = YES;
				CLANG_WARN__DUPLICATE_METHOD_MATCH = YES;
				COPY_PHASE_STRIP = NO;
				DEBUG_INFORMATION_FORMAT = "dwarf-with-dsym";
				ENABLE_NS_ASSERTIONS = NO;
				ENABLE_STRICT_OBJC_MSGSEND = YES;
				GCC_C_LANGUAGE_STANDARD = gnu11;
				GCC_NO_COMMON_BLOCKS = YES;
				GCC_WARN_64_TO_32_BIT_CONVERSION = YES;
				GCC_WARN_ABOUT_RETURN_TYPE = YES_ERROR;
				GCC_WARN_UNDECLARED_SELECTOR = YES;
				GCC_WARN_UNINITIALIZED_AUTOS = YES_AGGRESSIVE;
				GCC_WARN_UNUSED_FUNCTION = YES;
				GCC_WARN_UNUSED_VARIABLE = YES;
				IPHONEOS_DEPLOYMENT_TARGET = 15.5;
				MTL_ENABLE_DEBUG_INFO = NO;
				MTL_FAST_MATH = YES;
				SDKROOT = iphoneos;
				SWIFT_COMPILATION_MODE = wholemodule;
				SWIFT_OPTIMIZATION_LEVEL = "-O";
				VALIDATE_PRODUCT = YES;
			};
			name = Release;
		};
		BCAEB397284670A000FA0981 /* Debug */ = {
			isa = XCBuildConfiguration;
			buildSettings = {
				ASSETCATALOG_COMPILER_APPICON_NAME = AppIcon;
				ASSETCATALOG_COMPILER_GLOBAL_ACCENT_COLOR_NAME = AccentColor;
				CODE_SIGN_IDENTITY = "Apple Development";
				CODE_SIGN_STYLE = Automatic;
				CURRENT_PROJECT_VERSION = 9;
				DEVELOPMENT_TEAM = DMNW5WHDHR;
				GENERATE_INFOPLIST_FILE = YES;
				INFOPLIST_FILE = "Car Data/Info.plist";
				INFOPLIST_KEY_NSCameraUsageDescription = "קאר דאטה משתמשת במצלמה שלכם כדי לזהות לוחיות רישוי. לעולם לא נשתמש במידע שלכם בלי רשותכם המפורשת.";
				INFOPLIST_KEY_UIApplicationSupportsIndirectInputEvents = YES;
				INFOPLIST_KEY_UILaunchStoryboardName = LaunchScreen;
				INFOPLIST_KEY_UIMainStoryboardFile = Main;
				INFOPLIST_KEY_UISupportedInterfaceOrientations = UIInterfaceOrientationPortrait;
				INFOPLIST_KEY_UISupportedInterfaceOrientations_iPad = "UIInterfaceOrientationPortrait UIInterfaceOrientationPortraitUpsideDown UIInterfaceOrientationLandscapeLeft UIInterfaceOrientationLandscapeRight";
				INFOPLIST_KEY_UISupportedInterfaceOrientations_iPhone = UIInterfaceOrientationPortrait;
				INFOPLIST_KEY_UISupportsDocumentBrowser = NO;
				INFOPLIST_KEY_UIUserInterfaceStyle = Light;
				IPHONEOS_DEPLOYMENT_TARGET = 15.0;
				LD_RUNPATH_SEARCH_PATHS = (
					"$(inherited)",
					"@executable_path/Frameworks",
				);
				MARKETING_VERSION = 1.0;
				PRODUCT_BUNDLE_IDENTIFIER = "co.il.car-data.cardata";
				PRODUCT_NAME = "$(TARGET_NAME)";
				PROVISIONING_PROFILE_SPECIFIER = "";
				SWIFT_EMIT_LOC_STRINGS = YES;
				SWIFT_VERSION = 5.0;
				TARGETED_DEVICE_FAMILY = 1;
			};
			name = Debug;
		};
		BCAEB398284670A000FA0981 /* Release */ = {
			isa = XCBuildConfiguration;
			buildSettings = {
				ASSETCATALOG_COMPILER_APPICON_NAME = AppIcon;
				ASSETCATALOG_COMPILER_GLOBAL_ACCENT_COLOR_NAME = AccentColor;
				CODE_SIGN_IDENTITY = "Apple Development";
				CODE_SIGN_STYLE = Automatic;
				CURRENT_PROJECT_VERSION = 9;
				DEVELOPMENT_TEAM = DMNW5WHDHR;
				GENERATE_INFOPLIST_FILE = YES;
				INFOPLIST_FILE = "Car Data/Info.plist";
				INFOPLIST_KEY_NSCameraUsageDescription = "קאר דאטה משתמשת במצלמה שלכם כדי לזהות לוחיות רישוי. לעולם לא נשתמש במידע שלכם בלי רשותכם המפורשת.";
				INFOPLIST_KEY_UIApplicationSupportsIndirectInputEvents = YES;
				INFOPLIST_KEY_UILaunchStoryboardName = LaunchScreen;
				INFOPLIST_KEY_UIMainStoryboardFile = Main;
				INFOPLIST_KEY_UISupportedInterfaceOrientations = UIInterfaceOrientationPortrait;
				INFOPLIST_KEY_UISupportedInterfaceOrientations_iPad = "UIInterfaceOrientationPortrait UIInterfaceOrientationPortraitUpsideDown UIInterfaceOrientationLandscapeLeft UIInterfaceOrientationLandscapeRight";
				INFOPLIST_KEY_UISupportedInterfaceOrientations_iPhone = UIInterfaceOrientationPortrait;
				INFOPLIST_KEY_UISupportsDocumentBrowser = NO;
				INFOPLIST_KEY_UIUserInterfaceStyle = Light;
				IPHONEOS_DEPLOYMENT_TARGET = 15.0;
				LD_RUNPATH_SEARCH_PATHS = (
					"$(inherited)",
					"@executable_path/Frameworks",
				);
				MARKETING_VERSION = 1.0;
				PRODUCT_BUNDLE_IDENTIFIER = "co.il.car-data.cardata";
				PRODUCT_NAME = "$(TARGET_NAME)";
				PROVISIONING_PROFILE_SPECIFIER = "";
				SWIFT_EMIT_LOC_STRINGS = YES;
				SWIFT_VERSION = 5.0;
				TARGETED_DEVICE_FAMILY = 1;
			};
			name = Release;
		};
		BCAEB39A284670A000FA0981 /* Debug */ = {
			isa = XCBuildConfiguration;
			buildSettings = {
				ALWAYS_EMBED_SWIFT_STANDARD_LIBRARIES = YES;
				BUNDLE_LOADER = "$(TEST_HOST)";
				CODE_SIGN_STYLE = Automatic;
				CURRENT_PROJECT_VERSION = 1;
				DEVELOPMENT_TEAM = 9GU4S2D2UP;
				GENERATE_INFOPLIST_FILE = YES;
				IPHONEOS_DEPLOYMENT_TARGET = 15.5;
				MARKETING_VERSION = 1.0;
				PRODUCT_BUNDLE_IDENTIFIER = "com.gervash.Car-DataTests";
				PRODUCT_NAME = "$(TARGET_NAME)";
				SWIFT_EMIT_LOC_STRINGS = NO;
				SWIFT_VERSION = 5.0;
				TARGETED_DEVICE_FAMILY = "1,2";
				TEST_HOST = "$(BUILT_PRODUCTS_DIR)/Car Data.app/Car Data";
			};
			name = Debug;
		};
		BCAEB39B284670A000FA0981 /* Release */ = {
			isa = XCBuildConfiguration;
			buildSettings = {
				ALWAYS_EMBED_SWIFT_STANDARD_LIBRARIES = YES;
				BUNDLE_LOADER = "$(TEST_HOST)";
				CODE_SIGN_STYLE = Automatic;
				CURRENT_PROJECT_VERSION = 1;
				DEVELOPMENT_TEAM = 9GU4S2D2UP;
				GENERATE_INFOPLIST_FILE = YES;
				IPHONEOS_DEPLOYMENT_TARGET = 15.5;
				MARKETING_VERSION = 1.0;
				PRODUCT_BUNDLE_IDENTIFIER = "com.gervash.Car-DataTests";
				PRODUCT_NAME = "$(TARGET_NAME)";
				SWIFT_EMIT_LOC_STRINGS = NO;
				SWIFT_VERSION = 5.0;
				TARGETED_DEVICE_FAMILY = "1,2";
				TEST_HOST = "$(BUILT_PRODUCTS_DIR)/Car Data.app/Car Data";
			};
			name = Release;
		};
		BCAEB39D284670A000FA0981 /* Debug */ = {
			isa = XCBuildConfiguration;
			buildSettings = {
				ALWAYS_EMBED_SWIFT_STANDARD_LIBRARIES = YES;
				CODE_SIGN_STYLE = Automatic;
				CURRENT_PROJECT_VERSION = 1;
				DEVELOPMENT_TEAM = 9GU4S2D2UP;
				GENERATE_INFOPLIST_FILE = YES;
				MARKETING_VERSION = 1.0;
				PRODUCT_BUNDLE_IDENTIFIER = "com.gervash.Car-DataUITests";
				PRODUCT_NAME = "$(TARGET_NAME)";
				SWIFT_EMIT_LOC_STRINGS = NO;
				SWIFT_VERSION = 5.0;
				TARGETED_DEVICE_FAMILY = "1,2";
				TEST_TARGET_NAME = "Car Data";
			};
			name = Debug;
		};
		BCAEB39E284670A000FA0981 /* Release */ = {
			isa = XCBuildConfiguration;
			buildSettings = {
				ALWAYS_EMBED_SWIFT_STANDARD_LIBRARIES = YES;
				CODE_SIGN_STYLE = Automatic;
				CURRENT_PROJECT_VERSION = 1;
				DEVELOPMENT_TEAM = 9GU4S2D2UP;
				GENERATE_INFOPLIST_FILE = YES;
				MARKETING_VERSION = 1.0;
				PRODUCT_BUNDLE_IDENTIFIER = "com.gervash.Car-DataUITests";
				PRODUCT_NAME = "$(TARGET_NAME)";
				SWIFT_EMIT_LOC_STRINGS = NO;
				SWIFT_VERSION = 5.0;
				TARGETED_DEVICE_FAMILY = "1,2";
				TEST_TARGET_NAME = "Car Data";
			};
			name = Release;
		};
/* End XCBuildConfiguration section */

/* Begin XCConfigurationList section */
		BCAEB367284670A000FA0981 /* Build configuration list for PBXProject "Car Data" */ = {
			isa = XCConfigurationList;
			buildConfigurations = (
				BCAEB394284670A000FA0981 /* Debug */,
				BCAEB395284670A000FA0981 /* Release */,
			);
			defaultConfigurationIsVisible = 0;
			defaultConfigurationName = Release;
		};
		BCAEB396284670A000FA0981 /* Build configuration list for PBXNativeTarget "Car Data" */ = {
			isa = XCConfigurationList;
			buildConfigurations = (
				BCAEB397284670A000FA0981 /* Debug */,
				BCAEB398284670A000FA0981 /* Release */,
			);
			defaultConfigurationIsVisible = 0;
			defaultConfigurationName = Release;
		};
		BCAEB399284670A000FA0981 /* Build configuration list for PBXNativeTarget "Car DataTests" */ = {
			isa = XCConfigurationList;
			buildConfigurations = (
				BCAEB39A284670A000FA0981 /* Debug */,
				BCAEB39B284670A000FA0981 /* Release */,
			);
			defaultConfigurationIsVisible = 0;
			defaultConfigurationName = Release;
		};
		BCAEB39C284670A000FA0981 /* Build configuration list for PBXNativeTarget "Car DataUITests" */ = {
			isa = XCConfigurationList;
			buildConfigurations = (
				BCAEB39D284670A000FA0981 /* Debug */,
				BCAEB39E284670A000FA0981 /* Release */,
			);
			defaultConfigurationIsVisible = 0;
			defaultConfigurationName = Release;
		};
/* End XCConfigurationList section */

/* Begin XCRemoteSwiftPackageReference section */
		66CA4DD0284CCD3C00D2C21A /* XCRemoteSwiftPackageReference "promises" */ = {
			isa = XCRemoteSwiftPackageReference;
			repositoryURL = "https://github.com/google/promises.git";
			requirement = {
				kind = upToNextMajorVersion;
				minimumVersion = 2.0.0;
			};
		};
		BC97D33428496ECB00D95F69 /* XCRemoteSwiftPackageReference "realm-swift" */ = {
			isa = XCRemoteSwiftPackageReference;
			repositoryURL = "https://github.com/realm/realm-swift.git";
			requirement = {
				kind = upToNextMajorVersion;
				minimumVersion = 10.0.0;
			};
		};
		BC97D33928496F0500D95F69 /* XCRemoteSwiftPackageReference "NVActivityIndicatorView" */ = {
			isa = XCRemoteSwiftPackageReference;
			repositoryURL = "https://github.com/ninjaprox/NVActivityIndicatorView.git";
			requirement = {
				kind = upToNextMajorVersion;
				minimumVersion = 5.0.0;
			};
		};
		BC97D33E28496F5E00D95F69 /* XCRemoteSwiftPackageReference "IQKeyboardManager" */ = {
			isa = XCRemoteSwiftPackageReference;
			repositoryURL = "https://github.com/hackiftekhar/IQKeyboardManager.git";
			requirement = {
				kind = upToNextMajorVersion;
				minimumVersion = 6.0.0;
			};
		};
		BC97D344284971E500D95F69 /* XCRemoteSwiftPackageReference "Hero" */ = {
			isa = XCRemoteSwiftPackageReference;
			repositoryURL = "https://github.com/HeroTransitions/Hero.git";
			requirement = {
				kind = upToNextMajorVersion;
				minimumVersion = 1.6.0;
			};
		};
		BCC5123C28496CF800E883D0 /* XCRemoteSwiftPackageReference "Alamofire" */ = {
			isa = XCRemoteSwiftPackageReference;
			repositoryURL = "https://github.com/Alamofire/Alamofire.git";
			requirement = {
				kind = upToNextMajorVersion;
				minimumVersion = 5.0.0;
			};
		};
/* End XCRemoteSwiftPackageReference section */

/* Begin XCSwiftPackageProductDependency section */
		66CA4DD1284CCD3D00D2C21A /* FBLPromises */ = {
			isa = XCSwiftPackageProductDependency;
			package = 66CA4DD0284CCD3C00D2C21A /* XCRemoteSwiftPackageReference "promises" */;
			productName = FBLPromises;
		};
		66CA4DD3284CCD3D00D2C21A /* Promises */ = {
			isa = XCSwiftPackageProductDependency;
			package = 66CA4DD0284CCD3C00D2C21A /* XCRemoteSwiftPackageReference "promises" */;
			productName = Promises;
		};
		BC97D33528496ECB00D95F69 /* Realm */ = {
			isa = XCSwiftPackageProductDependency;
			package = BC97D33428496ECB00D95F69 /* XCRemoteSwiftPackageReference "realm-swift" */;
			productName = Realm;
		};
		BC97D33728496ECB00D95F69 /* RealmSwift */ = {
			isa = XCSwiftPackageProductDependency;
			package = BC97D33428496ECB00D95F69 /* XCRemoteSwiftPackageReference "realm-swift" */;
			productName = RealmSwift;
		};
		BC97D33A28496F0500D95F69 /* NVActivityIndicatorView */ = {
			isa = XCSwiftPackageProductDependency;
			package = BC97D33928496F0500D95F69 /* XCRemoteSwiftPackageReference "NVActivityIndicatorView" */;
			productName = NVActivityIndicatorView;
		};
		BC97D33C28496F0500D95F69 /* NVActivityIndicatorViewExtended */ = {
			isa = XCSwiftPackageProductDependency;
			package = BC97D33928496F0500D95F69 /* XCRemoteSwiftPackageReference "NVActivityIndicatorView" */;
			productName = NVActivityIndicatorViewExtended;
		};
		BC97D33F28496F5E00D95F69 /* IQKeyboardManagerSwift */ = {
			isa = XCSwiftPackageProductDependency;
			package = BC97D33E28496F5E00D95F69 /* XCRemoteSwiftPackageReference "IQKeyboardManager" */;
			productName = IQKeyboardManagerSwift;
		};
		BC97D345284971E500D95F69 /* Hero */ = {
			isa = XCSwiftPackageProductDependency;
			package = BC97D344284971E500D95F69 /* XCRemoteSwiftPackageReference "Hero" */;
			productName = Hero;
		};
		BCC5123D28496CF800E883D0 /* Alamofire */ = {
			isa = XCSwiftPackageProductDependency;
			package = BCC5123C28496CF800E883D0 /* XCRemoteSwiftPackageReference "Alamofire" */;
			productName = Alamofire;
		};
/* End XCSwiftPackageProductDependency section */
	};
	rootObject = BCAEB364284670A000FA0981 /* Project object */;
}
